
Microsoft Visual Studio Solution File, Format Version 12.00
# Visual Studio Version 17
VisualStudioVersion = 17.5.002.0
MinimumVisualStudioVersion = 10.0.40219.1
Project("{9A19103F-16F7-4668-BE54-9A1E7A4F7556}") = "ContactsApi", "ContactsApi.csproj", "{67FD6E6F-7C8B-43D4-99F9-152C444B68DC}"
EndProject
Global
	GlobalSection(SolutionConfigurationPlatforms) = preSolution
		Debug|Any CPU = Debug|Any CPU
		Release|Any CPU = Release|Any CPU
	EndGlobalSection
	GlobalSection(ProjectConfigurationPlatforms) = postSolution
		{67FD6E6F-7C8B-43D4-99F9-152C444B68DC}.Debug|Any CPU.ActiveCfg = Debug|Any CPU
		{67FD6E6F-7C8B-43D4-99F9-152C444B68DC}.Debug|Any CPU.Build.0 = Debug|Any CPU
		{67FD6E6F-7C8B-43D4-99F9-152C444B68DC}.Release|Any CPU.ActiveCfg = Release|Any CPU
		{67FD6E6F-7C8B-43D4-99F9-152C444B68DC}.Release|Any CPU.Build.0 = Release|Any CPU
	EndGlobalSection
	GlobalSection(SolutionProperties) = preSolution
		HideSolutionNode = FALSE
	EndGlobalSection
	GlobalSection(ExtensibilityGlobals) = postSolution
		SolutionGuid = {8E341710-B7A4-4891-97B0-12DD7FB40463}
	EndGlobalSection
EndGlobal
